
Microsoft Visual Studio Solution File, Format Version 11.00
# Visual Studio 2010
Project("{FAE04EC0-301F-11D3-BF4B-00C04F79EFBC}") = "SimpleSocket", "SimpleSocket\SimpleSocket.csproj", "{54084B4B-31C0-454F-BCD6-D48365F05053}"
EndProject
Project("{FAE04EC0-301F-11D3-BF4B-00C04F79EFBC}") = "SimpleClient", "SimpleClient\SimpleClient.csproj", "{19488F1B-EDE6-4F94-AEB0-231FA14A2895}"
EndProject
Project("{FAE04EC0-301F-11D3-BF4B-00C04F79EFBC}") = "SimpleEvent", "SimpleEvent\SimpleEvent.csproj", "{6E08DA3B-872A-4511-9DE4-2F2C9AB08265}"
EndProject
Global
	GlobalSection(SolutionConfigurationPlatforms) = preSolution
		Debug|Any CPU = Debug|Any CPU
		Debug|Mixed Platforms = Debug|Mixed Platforms
		Debug|x86 = Debug|x86
		Release|Any CPU = Release|Any CPU
		Release|Mixed Platforms = Release|Mixed Platforms
		Release|x86 = Release|x86
	EndGlobalSection
	GlobalSection(ProjectConfigurationPlatforms) = postSolution
		{54084B4B-31C0-454F-BCD6-D48365F05053}.Debug|Any CPU.ActiveCfg = Debug|Any CPU
		{54084B4B-31C0-454F-BCD6-D48365F05053}.Debug|Any CPU.Build.0 = Debug|Any CPU
		{54084B4B-31C0-454F-BCD6-D48365F05053}.Debug|Mixed Platforms.ActiveCfg = Debug|Any CPU
		{54084B4B-31C0-454F-BCD6-D48365F05053}.Debug|Mixed Platforms.Build.0 = Debug|Any CPU
		{54084B4B-31C0-454F-BCD6-D48365F05053}.Debug|x86.ActiveCfg = Debug|Any CPU
		{54084B4B-31C0-454F-BCD6-D48365F05053}.Release|Any CPU.ActiveCfg = Release|Any CPU
		{54084B4B-31C0-454F-BCD6-D48365F05053}.Release|Any CPU.Build.0 = Release|Any CPU
		{54084B4B-31C0-454F-BCD6-D48365F05053}.Release|Mixed Platforms.ActiveCfg = Release|Any CPU
		{54084B4B-31C0-454F-BCD6-D48365F05053}.Release|Mixed Platforms.Build.0 = Release|Any CPU
		{54084B4B-31C0-454F-BCD6-D48365F05053}.Release|x86.ActiveCfg = Release|Any CPU
		{19488F1B-EDE6-4F94-AEB0-231FA14A2895}.Debug|Any CPU.ActiveCfg = Debug|Any CPU
		{19488F1B-EDE6-4F94-AEB0-231FA14A2895}.Debug|Any CPU.Build.0 = Debug|Any CPU
		{19488F1B-EDE6-4F94-AEB0-231FA14A2895}.Debug|Mixed Platforms.ActiveCfg = Debug|Any CPU
		{19488F1B-EDE6-4F94-AEB0-231FA14A2895}.Debug|Mixed Platforms.Build.0 = Debug|Any CPU
		{19488F1B-EDE6-4F94-AEB0-231FA14A2895}.Debug|x86.ActiveCfg = Debug|Any CPU
		{19488F1B-EDE6-4F94-AEB0-231FA14A2895}.Release|Any CPU.ActiveCfg = Release|Any CPU
		{19488F1B-EDE6-4F94-AEB0-231FA14A2895}.Release|Any CPU.Build.0 = Release|Any CPU
		{19488F1B-EDE6-4F94-AEB0-231FA14A2895}.Release|Mixed Platforms.ActiveCfg = Release|Any CPU
		{19488F1B-EDE6-4F94-AEB0-231FA14A2895}.Release|Mixed Platforms.Build.0 = Release|Any CPU
		{19488F1B-EDE6-4F94-AEB0-231FA14A2895}.Release|x86.ActiveCfg = Release|Any CPU
		{6E08DA3B-872A-4511-9DE4-2F2C9AB08265}.Debug|Any CPU.ActiveCfg = Debug|x86
		{6E08DA3B-872A-4511-9DE4-2F2C9AB08265}.Debug|Mixed Platforms.ActiveCfg = Debug|x86
		{6E08DA3B-872A-4511-9DE4-2F2C9AB08265}.Debug|Mixed Platforms.Build.0 = Debug|x86
		{6E08DA3B-872A-4511-9DE4-2F2C9AB08265}.Debug|x86.ActiveCfg = Debug|x86
		{6E08DA3B-872A-4511-9DE4-2F2C9AB08265}.Debug|x86.Build.0 = Debug|x86
		{6E08DA3B-872A-4511-9DE4-2F2C9AB08265}.Release|Any CPU.ActiveCfg = Release|x86
		{6E08DA3B-872A-4511-9DE4-2F2C9AB08265}.Release|Mixed Platforms.ActiveCfg = Release|x86
		{6E08DA3B-872A-4511-9DE4-2F2C9AB08265}.Release|Mixed Platforms.Build.0 = Release|x86
		{6E08DA3B-872A-4511-9DE4-2F2C9AB08265}.Release|x86.ActiveCfg = Release|x86
		{6E08DA3B-872A-4511-9DE4-2F2C9AB08265}.Release|x86.Build.0 = Release|x86
	EndGlobalSection
	GlobalSection(SolutionProperties) = preSolution
		HideSolutionNode = FALSE
	EndGlobalSection
EndGlobal
